
Microsoft Visual Studio Solution File, Format Version 12.00
# Visual Studio Version 17
VisualStudioVersion = 17.10.34902.84
MinimumVisualStudioVersion = 10.0.40219.1
Project("{9A19103F-16F7-4668-BE54-9A1E7A4F7556}") = "VisitingProfessor", "VisitingProfessor\VisitingProfessor.csproj", "{036F03EA-46B6-4458-928C-B9C60ED56A11}"
EndProject
Global
	GlobalSection(SolutionConfigurationPlatforms) = preSolution
		Debug|Any CPU = Debug|Any CPU
		Release|Any CPU = Release|Any CPU
	EndGlobalSection
	GlobalSection(ProjectConfigurationPlatforms) = postSolution
		{036F03EA-46B6-4458-928C-B9C60ED56A11}.Debug|Any CPU.ActiveCfg = Debug|Any CPU
		{036F03EA-46B6-4458-928C-B9C60ED56A11}.Debug|Any CPU.Build.0 = Debug|Any CPU
		{036F03EA-46B6-4458-928C-B9C60ED56A11}.Release|Any CPU.ActiveCfg = Release|Any CPU
		{036F03EA-46B6-4458-928C-B9C60ED56A11}.Release|Any CPU.Build.0 = Release|Any CPU
	EndGlobalSection
	GlobalSection(SolutionProperties) = preSolution
		HideSolutionNode = FALSE
	EndGlobalSection
	GlobalSection(ExtensibilityGlobals) = postSolution
		SolutionGuid = {002AD9C8-C66B-495A-9ACE-CD2A7B2827B2}
	EndGlobalSection
EndGlobal
